// !$*UTF8*$!
{
	archiveVersion = 1;
	classes = {
	};
	objectVersion = 46;
	objects = {
/* Begin PBXBuildFile section */
		1D3623260D0F684500981E51 /* AppDelegate.m in Sources */ = {isa = PBXBuildFile; fileRef = 1D3623250D0F684500981E51 /* AppDelegate.m */; };
		1D60589B0D05DD56006BFB54 /* main.m in Sources */ = {isa = PBXBuildFile; fileRef = 29B97316FDCFA39411CA2CEA /* main.m */; };
		22331C1AC7DE49B5BC7D9510 /* SystemConfiguration.framework in Frameworks */ = {isa = PBXBuildFile; fileRef = C4E973C8FF464F6692E992A3 /* SystemConfiguration.framework */; };
		288765FD0DF74451002DB57D /* CoreGraphics.framework in Frameworks */ = {isa = PBXBuildFile; fileRef = 288765FC0DF74451002DB57D /* CoreGraphics.framework */; };
		301BF552109A68D80062928A /* libCordova.a in Frameworks */ = {isa = PBXBuildFile; fileRef = 301BF535109A57CC0062928A /* libCordova.a */; };
		302D95F114D2391D003F00A1 /* MainViewController.m in Sources */ = {isa = PBXBuildFile; fileRef = 302D95EF14D2391D003F00A1 /* MainViewController.m */; };
		302D95F214D2391D003F00A1 /* MainViewController.xib in Resources */ = {isa = PBXBuildFile; fileRef = 302D95F014D2391D003F00A1 /* MainViewController.xib */; };
		305D5FD1115AB8F900A74A75 /* MobileCoreServices.framework in Frameworks */ = {isa = PBXBuildFile; fileRef = 305D5FD0115AB8F900A74A75 /* MobileCoreServices.framework */; };
		3088BBBD154F3926009F9C59 /* Default-Landscape@2x~ipad.png in Resources */ = {isa = PBXBuildFile; fileRef = 3088BBB7154F3926009F9C59 /* Default-Landscape@2x~ipad.png */; };
		3088BBBE154F3926009F9C59 /* Default-Landscape~ipad.png in Resources */ = {isa = PBXBuildFile; fileRef = 3088BBB8154F3926009F9C59 /* Default-Landscape~ipad.png */; };
		3088BBBF154F3926009F9C59 /* Default-Portrait@2x~ipad.png in Resources */ = {isa = PBXBuildFile; fileRef = 3088BBB9154F3926009F9C59 /* Default-Portrait@2x~ipad.png */; };
		3088BBC0154F3926009F9C59 /* Default-Portrait~ipad.png in Resources */ = {isa = PBXBuildFile; fileRef = 3088BBBA154F3926009F9C59 /* Default-Portrait~ipad.png */; };
		3088BBC1154F3926009F9C59 /* Default@2x~iphone.png in Resources */ = {isa = PBXBuildFile; fileRef = 3088BBBB154F3926009F9C59 /* Default@2x~iphone.png */; };
		3088BBC2154F3926009F9C59 /* Default~iphone.png in Resources */ = {isa = PBXBuildFile; fileRef = 3088BBBC154F3926009F9C59 /* Default~iphone.png */; };
		308D05371370CCF300D202BF /* icon-72.png in Resources */ = {isa = PBXBuildFile; fileRef = 308D052E1370CCF300D202BF /* icon-72.png */; };
		308D05381370CCF300D202BF /* icon.png in Resources */ = {isa = PBXBuildFile; fileRef = 308D052F1370CCF300D202BF /* icon.png */; };
		308D05391370CCF300D202BF /* icon@2x.png in Resources */ = {isa = PBXBuildFile; fileRef = 308D05301370CCF300D202BF /* icon@2x.png */; };
		30B4F30019D5E07200D9F7D8 /* Default-667h.png in Resources */ = {isa = PBXBuildFile; fileRef = 30B4F2FD19D5E07200D9F7D8 /* Default-667h.png */; };
		30B4F30119D5E07200D9F7D8 /* Default-736h.png in Resources */ = {isa = PBXBuildFile; fileRef = 30B4F2FE19D5E07200D9F7D8 /* Default-736h.png */; };
		30B4F30219D5E07200D9F7D8 /* Default-Landscape-736h.png in Resources */ = {isa = PBXBuildFile; fileRef = 30B4F2FF19D5E07200D9F7D8 /* Default-Landscape-736h.png */; };
		30C1856619D5FC0A00212699 /* icon-60@3x.png in Resources */ = {isa = PBXBuildFile; fileRef = 30C1856519D5FC0A00212699 /* icon-60@3x.png */; };
		30FC414916E50CA1004E6F35 /* icon-72@2x.png in Resources */ = {isa = PBXBuildFile; fileRef = 30FC414816E50CA1004E6F35 /* icon-72@2x.png */; };
		33D7C430188441079E785F1C /* Social.framework in Frameworks */ = {isa = PBXBuildFile; fileRef = 93FEF1564BE0410B9C3130F0 /* Social.framework */; settings = {ATTRIBUTES = (Weak, ); }; };
		5B1594DD16A7569C00FEF299 /* AssetsLibrary.framework in Frameworks */ = {isa = PBXBuildFile; fileRef = 5B1594DC16A7569C00FEF299 /* AssetsLibrary.framework */; };
		7E7966DE1810823500FA85AD /* icon-40.png in Resources */ = {isa = PBXBuildFile; fileRef = 7E7966D41810823500FA85AD /* icon-40.png */; };
		7E7966DF1810823500FA85AD /* icon-40@2x.png in Resources */ = {isa = PBXBuildFile; fileRef = 7E7966D51810823500FA85AD /* icon-40@2x.png */; };
		7E7966E01810823500FA85AD /* icon-50.png in Resources */ = {isa = PBXBuildFile; fileRef = 7E7966D61810823500FA85AD /* icon-50.png */; };
		7E7966E11810823500FA85AD /* icon-50@2x.png in Resources */ = {isa = PBXBuildFile; fileRef = 7E7966D71810823500FA85AD /* icon-50@2x.png */; };
		7E7966E21810823500FA85AD /* icon-60.png in Resources */ = {isa = PBXBuildFile; fileRef = 7E7966D81810823500FA85AD /* icon-60.png */; };
		7E7966E31810823500FA85AD /* icon-60@2x.png in Resources */ = {isa = PBXBuildFile; fileRef = 7E7966D91810823500FA85AD /* icon-60@2x.png */; };
		7E7966E41810823500FA85AD /* icon-76.png in Resources */ = {isa = PBXBuildFile; fileRef = 7E7966DA1810823500FA85AD /* icon-76.png */; };
		7E7966E51810823500FA85AD /* icon-76@2x.png in Resources */ = {isa = PBXBuildFile; fileRef = 7E7966DB1810823500FA85AD /* icon-76@2x.png */; };
		7E7966E61810823500FA85AD /* icon-small.png in Resources */ = {isa = PBXBuildFile; fileRef = 7E7966DC1810823500FA85AD /* icon-small.png */; };
		7E7966E71810823500FA85AD /* icon-small@2x.png in Resources */ = {isa = PBXBuildFile; fileRef = 7E7966DD1810823500FA85AD /* icon-small@2x.png */; };
		835F93F09A4240DCBEA93534 /* libz.dylib in Frameworks */ = {isa = PBXBuildFile; fileRef = 61564C0C9EF34B34B9B7ED67 /* libz.dylib */; };
		933EC92154384495B0A3F763 /* libsqlite3.0.dylib in Frameworks */ = {isa = PBXBuildFile; fileRef = F240CE842970408987A21BAC /* libsqlite3.0.dylib */; };
		9D18A46D8EF042C084BE34A1 /* CoreLocation.framework in Frameworks */ = {isa = PBXBuildFile; fileRef = A39F3FAD53304B818BAD76DA /* CoreLocation.framework */; };
		A309A693D4F44532938A4180 /* CoreMotion.framework in Frameworks */ = {isa = PBXBuildFile; fileRef = 9D863B717D8A42BDAC0BB064 /* CoreMotion.framework */; };
		B3AD3983841C40D9A6FE4745 /* CoreData.framework in Frameworks */ = {isa = PBXBuildFile; fileRef = 176E88BC5AEC41FE96CB2C81 /* CoreData.framework */; };
		D4A0D8761607E02300AEF8BB /* Default-568h@2x~iphone.png in Resources */ = {isa = PBXBuildFile; fileRef = D4A0D8751607E02300AEF8BB /* Default-568h@2x~iphone.png */; };
		F43F99E152A042CD96CB83FA /* MessageUI.framework in Frameworks */ = {isa = PBXBuildFile; fileRef = C8BCACD0BFBD4DBB879D8FBC /* MessageUI.framework */; settings = {ATTRIBUTES = (Weak, ); }; };
		808B21F09A0C4789BFACF54A /* AppDelegate+FirebasePlugin.m in Sources */ = {isa = PBXBuildFile; fileRef = E03040A4AC5645B7935F8F4F /* AppDelegate+FirebasePlugin.m */; };
		0D8AF3503D224A4DA65DBB61 /* FirebasePlugin.m in Sources */ = {isa = PBXBuildFile; fileRef = 2782517EE5AF4717A18365CE /* FirebasePlugin.m */; };
		0904F3C534AD4B7E89049FB0 /* GoogleService-Info.plist in Resources */ = {isa = PBXBuildFile; fileRef = 52E44E3111744428BE5DA9FE /* GoogleService-Info.plist */; };
		198FFA81B82A4FF2958F9410 /* FirebaseAnalytics.framework in Frameworks */ = {isa = PBXBuildFile; fileRef = 307F9EF714FF4530A7C5529B /* FirebaseAnalytics.framework */; };
		52902F36DBED48D2A6AAEBDB /* FirebaseCore.framework in Frameworks */ = {isa = PBXBuildFile; fileRef = 1F7D5F45EDF04C2586048C27 /* FirebaseCore.framework */; };
		88340B6948E04C5E95325098 /* FirebaseInstanceID.framework in Frameworks */ = {isa = PBXBuildFile; fileRef = 586C6F01E6A0494A8DB4A33B /* FirebaseInstanceID.framework */; };
		C298D6FC74F640EEBA681226 /* GoogleInterchangeUtilities.framework in Frameworks */ = {isa = PBXBuildFile; fileRef = 77F68BF77A1D4A89AAAFABDA /* GoogleInterchangeUtilities.framework */; };
		671CECF5A8C54C9FA639F098 /* GoogleSymbolUtilities.framework in Frameworks */ = {isa = PBXBuildFile; fileRef = DD2EDD7A118648F687B3D1CA /* GoogleSymbolUtilities.framework */; };
		C5B260E4EB694C07BBD2AB0E /* GoogleUtilities.framework in Frameworks */ = {isa = PBXBuildFile; fileRef = CBA8BCF52E76437EB792FB49 /* GoogleUtilities.framework */; };
		DE12A4EBC7AB41428B40E4C7 /* FirebaseMessaging.framework in Frameworks */ = {isa = PBXBuildFile; fileRef = F9E821183B2F4B3FAB4A2299 /* FirebaseMessaging.framework */; };
		B7B7DE023FD443BC925BF993 /* GoogleIPhoneUtilities.framework in Frameworks */ = {isa = PBXBuildFile; fileRef = 08373EF451434D1DA427F8E3 /* GoogleIPhoneUtilities.framework */; };
		5C732F6896564FCA8466AC9C /* FirebaseCrash.framework in Frameworks */ = {isa = PBXBuildFile; fileRef = 54229A45038C4B62B0B596D1 /* FirebaseCrash.framework */; };
		679420A07CBD4416A6E17E02 /* FirebaseRemoteConfig.framework in Frameworks */ = {isa = PBXBuildFile; fileRef = 2435093BE87C4DA4ACCB8F06 /* FirebaseRemoteConfig.framework */; };
		71BA31FD57814968A1B1E480 /* Screenshot.m in Sources */ = {isa = PBXBuildFile; fileRef = F6623FF869FA4D6EAD61606E /* Screenshot.m */; };
		356B06F32BE149D49CBD97A7 /* IonicKeyboard.m in Sources */ = {isa = PBXBuildFile; fileRef = 683D6994A7164954ABB8C7DA /* IonicKeyboard.m */; };
		C19BB373B5DD4EEC87A9BDB2 /* UIWebViewExtension.m in Sources */ = {isa = PBXBuildFile; fileRef = CD24B58086794D029FFA4157 /* UIWebViewExtension.m */; };
		5A987EF134A641E3BC520D1A /* UniversalAnalyticsPlugin.m in Sources */ = {isa = PBXBuildFile; fileRef = 8EA8B413C87647448DFECC31 /* UniversalAnalyticsPlugin.m */; };
		B1003741AC34432680E01E27 /* libGoogleAnalyticsServices.a in Frameworks */ = {isa = PBXBuildFile; fileRef = E552486E4CF944859910869C /* libGoogleAnalyticsServices.a */; };
		6F6B339AFF83440AB9B73EFB /* CDVInAppBrowser.m in Sources */ = {isa = PBXBuildFile; fileRef = A0938DF8CF2646BA8FB05138 /* CDVInAppBrowser.m */; };
		54BA4CD6D61B409A8F95FF82 /* NSString+URLEncoding.m in Sources */ = {isa = PBXBuildFile; fileRef = F4E54090AFA943E8BD561D47 /* NSString+URLEncoding.m */; };
		5BFBF09117AC431CB73AABD2 /* SocialSharing.m in Sources */ = {isa = PBXBuildFile; fileRef = 7F15DB7189C24148A6757671 /* SocialSharing.m */; };
		4552DD03A75F4EB49D2E2CBF /* CDVLogger.m in Sources */ = {isa = PBXBuildFile; fileRef = C939B276C56C4F66B8702DE4 /* CDVLogger.m */; };
		B132AF412DCD4D68A1ADB0F8 /* CDVDevice.m in Sources */ = {isa = PBXBuildFile; fileRef = 86B0F51F5BFE46088C0284EF /* CDVDevice.m */; };
		8F502EC3684841B1B8E7E61B /* CDVConnection.m in Sources */ = {isa = PBXBuildFile; fileRef = EC07A20E9793426ABD631B90 /* CDVConnection.m */; };
		4A9E5D17602244F4B53A4A9F /* CDVReachability.m in Sources */ = {isa = PBXBuildFile; fileRef = D53090FD25AE48F186903D7B /* CDVReachability.m */; };
		42C8A5E081674481BE26FC02 /* CDVSplashScreen.m in Sources */ = {isa = PBXBuildFile; fileRef = B18411FECF1544C7A9EF9C50 /* CDVSplashScreen.m */; };
		29350A547257475586A85220 /* CDVLocation.m in Sources */ = {isa = PBXBuildFile; fileRef = B8528E7816C94253A635DBBF /* CDVLocation.m */; };
		B54091F7BEE64D51883ECAEF /* Pedometer.m in Sources */ = {isa = PBXBuildFile; fileRef = 9E65D5BDE7364CAA9452C82A /* Pedometer.m */; };
/* End PBXBuildFile section */

/* Begin PBXContainerItemProxy section */
		301BF534109A57CC0062928A /* PBXContainerItemProxy */ = {
			isa = PBXContainerItemProxy;
			containerPortal = 301BF52D109A57CC0062928A /* CordovaLib.xcodeproj */;
			proxyType = 2;
			remoteGlobalIDString = D2AAC07E0554694100DB518D;
			remoteInfo = CordovaLib;
		};
		301BF550109A68C00062928A /* PBXContainerItemProxy */ = {
			isa = PBXContainerItemProxy;
			containerPortal = 301BF52D109A57CC0062928A /* CordovaLib.xcodeproj */;
			proxyType = 1;
			remoteGlobalIDString = D2AAC07D0554694100DB518D;
			remoteInfo = CordovaLib;
		};
/* End PBXContainerItemProxy section */

/* Begin PBXFileReference section */
		176E88BC5AEC41FE96CB2C81 /* CoreData.framework */ = {isa = PBXFileReference; fileEncoding = 4; lastKnownFileType = wrapper.framework; name = CoreData.framework; path = System/Library/Frameworks/CoreData.framework; sourceTree = SDKROOT; };
		1D3623240D0F684500981E51 /* AppDelegate.h */ = {isa = PBXFileReference; fileEncoding = 4; lastKnownFileType = sourcecode.c.h; path = AppDelegate.h; sourceTree = "<group>"; };
		1D3623250D0F684500981E51 /* AppDelegate.m */ = {isa = PBXFileReference; fileEncoding = 4; lastKnownFileType = sourcecode.c.objc; path = AppDelegate.m; sourceTree = "<group>"; };
		1D6058910D05DD3D006BFB54 /* MPR.app */ = {isa = PBXFileReference; explicitFileType = wrapper.application; includeInIndex = 0; path = MPR.app; sourceTree = BUILT_PRODUCTS_DIR; };
		288765FC0DF74451002DB57D /* CoreGraphics.framework */ = {isa = PBXFileReference; lastKnownFileType = wrapper.framework; name = CoreGraphics.framework; path = System/Library/Frameworks/CoreGraphics.framework; sourceTree = SDKROOT; };
		29B97316FDCFA39411CA2CEA /* main.m */ = {isa = PBXFileReference; fileEncoding = 4; lastKnownFileType = sourcecode.c.objc; path = main.m; sourceTree = "<group>"; };
		301BF52D109A57CC0062928A /* CordovaLib.xcodeproj */ = {isa = PBXFileReference; lastKnownFileType = "wrapper.pb-project"; name = CordovaLib.xcodeproj; path = CordovaLib/CordovaLib.xcodeproj; sourceTree = "<group>"; };
		301BF56E109A69640062928A /* www */ = {isa = PBXFileReference; lastKnownFileType = folder; path = www; sourceTree = SOURCE_ROOT; };
		302D95EE14D2391D003F00A1 /* MainViewController.h */ = {isa = PBXFileReference; fileEncoding = 4; lastKnownFileType = sourcecode.c.h; path = MainViewController.h; sourceTree = "<group>"; };
		302D95EF14D2391D003F00A1 /* MainViewController.m */ = {isa = PBXFileReference; fileEncoding = 4; lastKnownFileType = sourcecode.c.objc; path = MainViewController.m; sourceTree = "<group>"; };
		302D95F014D2391D003F00A1 /* MainViewController.xib */ = {isa = PBXFileReference; fileEncoding = 4; lastKnownFileType = file.xib; path = MainViewController.xib; sourceTree = "<group>"; };
		305D5FD0115AB8F900A74A75 /* MobileCoreServices.framework */ = {isa = PBXFileReference; lastKnownFileType = wrapper.framework; name = MobileCoreServices.framework; path = System/Library/Frameworks/MobileCoreServices.framework; sourceTree = SDKROOT; };
		3088BBB7154F3926009F9C59 /* Default-Landscape@2x~ipad.png */ = {isa = PBXFileReference; lastKnownFileType = image.png; path = "Default-Landscape@2x~ipad.png"; sourceTree = "<group>"; };
		3088BBB8154F3926009F9C59 /* Default-Landscape~ipad.png */ = {isa = PBXFileReference; lastKnownFileType = image.png; path = "Default-Landscape~ipad.png"; sourceTree = "<group>"; };
		3088BBB9154F3926009F9C59 /* Default-Portrait@2x~ipad.png */ = {isa = PBXFileReference; lastKnownFileType = image.png; path = "Default-Portrait@2x~ipad.png"; sourceTree = "<group>"; };
		3088BBBA154F3926009F9C59 /* Default-Portrait~ipad.png */ = {isa = PBXFileReference; lastKnownFileType = image.png; path = "Default-Portrait~ipad.png"; sourceTree = "<group>"; };
		3088BBBB154F3926009F9C59 /* Default@2x~iphone.png */ = {isa = PBXFileReference; lastKnownFileType = image.png; path = "Default@2x~iphone.png"; sourceTree = "<group>"; };
		3088BBBC154F3926009F9C59 /* Default~iphone.png */ = {isa = PBXFileReference; lastKnownFileType = image.png; path = "Default~iphone.png"; sourceTree = "<group>"; };
		308D052E1370CCF300D202BF /* icon-72.png */ = {isa = PBXFileReference; lastKnownFileType = image.png; path = "icon-72.png"; sourceTree = "<group>"; };
		308D052F1370CCF300D202BF /* icon.png */ = {isa = PBXFileReference; lastKnownFileType = image.png; path = icon.png; sourceTree = "<group>"; };
		308D05301370CCF300D202BF /* icon@2x.png */ = {isa = PBXFileReference; lastKnownFileType = image.png; path = "icon@2x.png"; sourceTree = "<group>"; };
		30B4F2FD19D5E07200D9F7D8 /* Default-667h.png */ = {isa = PBXFileReference; lastKnownFileType = image.png; path = "Default-667h.png"; sourceTree = "<group>"; };
		30B4F2FE19D5E07200D9F7D8 /* Default-736h.png */ = {isa = PBXFileReference; lastKnownFileType = image.png; path = "Default-736h.png"; sourceTree = "<group>"; };
		30B4F2FF19D5E07200D9F7D8 /* Default-Landscape-736h.png */ = {isa = PBXFileReference; lastKnownFileType = image.png; path = "Default-Landscape-736h.png"; sourceTree = "<group>"; };
		30C1856519D5FC0A00212699 /* icon-60@3x.png */ = {isa = PBXFileReference; lastKnownFileType = image.png; path = "icon-60@3x.png"; sourceTree = "<group>"; };
		30FC414816E50CA1004E6F35 /* icon-72@2x.png */ = {isa = PBXFileReference; lastKnownFileType = image.png; path = "icon-72@2x.png"; sourceTree = "<group>"; };
		32CA4F630368D1EE00C91783 /* MPR-Prefix.pch */ = {isa = PBXFileReference; fileEncoding = 4; lastKnownFileType = sourcecode.c.h; path = "MPR-Prefix.pch"; sourceTree = "<group>"; };
		5B1594DC16A7569C00FEF299 /* AssetsLibrary.framework */ = {isa = PBXFileReference; lastKnownFileType = wrapper.framework; name = AssetsLibrary.framework; path = System/Library/Frameworks/AssetsLibrary.framework; sourceTree = SDKROOT; };
		61564C0C9EF34B34B9B7ED67 /* libz.dylib */ = {isa = PBXFileReference; fileEncoding = 4; lastKnownFileType = "compiled.mach-o.dylib"; name = libz.dylib; path = usr/lib/libz.dylib; sourceTree = SDKROOT; };
		7E7966D41810823500FA85AD /* icon-40.png */ = {isa = PBXFileReference; lastKnownFileType = image.png; path = "icon-40.png"; sourceTree = "<group>"; };
		7E7966D51810823500FA85AD /* icon-40@2x.png */ = {isa = PBXFileReference; lastKnownFileType = image.png; path = "icon-40@2x.png"; sourceTree = "<group>"; };
		7E7966D61810823500FA85AD /* icon-50.png */ = {isa = PBXFileReference; lastKnownFileType = image.png; path = "icon-50.png"; sourceTree = "<group>"; };
		7E7966D71810823500FA85AD /* icon-50@2x.png */ = {isa = PBXFileReference; lastKnownFileType = image.png; path = "icon-50@2x.png"; sourceTree = "<group>"; };
		7E7966D81810823500FA85AD /* icon-60.png */ = {isa = PBXFileReference; lastKnownFileType = image.png; path = "icon-60.png"; sourceTree = "<group>"; };
		7E7966D91810823500FA85AD /* icon-60@2x.png */ = {isa = PBXFileReference; lastKnownFileType = image.png; path = "icon-60@2x.png"; sourceTree = "<group>"; };
		7E7966DA1810823500FA85AD /* icon-76.png */ = {isa = PBXFileReference; lastKnownFileType = image.png; path = "icon-76.png"; sourceTree = "<group>"; };
		7E7966DB1810823500FA85AD /* icon-76@2x.png */ = {isa = PBXFileReference; lastKnownFileType = image.png; path = "icon-76@2x.png"; sourceTree = "<group>"; };
		7E7966DC1810823500FA85AD /* icon-small.png */ = {isa = PBXFileReference; lastKnownFileType = image.png; path = "icon-small.png"; sourceTree = "<group>"; };
		7E7966DD1810823500FA85AD /* icon-small@2x.png */ = {isa = PBXFileReference; lastKnownFileType = image.png; path = "icon-small@2x.png"; sourceTree = "<group>"; };
		8D1107310486CEB800E47090 /* MPR-Info.plist */ = {isa = PBXFileReference; fileEncoding = 4; lastKnownFileType = text.plist.xml; name = "MPR-Info.plist"; path = "../MPR-Info.plist"; plistStructureDefinitionIdentifier = "com.apple.xcode.plist.structure-definition.iphone.info-plist"; sourceTree = "<group>"; };
		93FEF1564BE0410B9C3130F0 /* Social.framework */ = {isa = PBXFileReference; fileEncoding = 4; lastKnownFileType = wrapper.framework; name = Social.framework; path = System/Library/Frameworks/Social.framework; sourceTree = SDKROOT; };
		9D863B717D8A42BDAC0BB064 /* CoreMotion.framework */ = {isa = PBXFileReference; fileEncoding = 4; lastKnownFileType = wrapper.framework; name = CoreMotion.framework; path = System/Library/Frameworks/CoreMotion.framework; sourceTree = SDKROOT; };
		A39F3FAD53304B818BAD76DA /* CoreLocation.framework */ = {isa = PBXFileReference; fileEncoding = 4; lastKnownFileType = wrapper.framework; name = CoreLocation.framework; path = System/Library/Frameworks/CoreLocation.framework; sourceTree = SDKROOT; };
		C4E973C8FF464F6692E992A3 /* SystemConfiguration.framework */ = {isa = PBXFileReference; fileEncoding = 4; lastKnownFileType = wrapper.framework; name = SystemConfiguration.framework; path = System/Library/Frameworks/SystemConfiguration.framework; sourceTree = SDKROOT; };
		C8BCACD0BFBD4DBB879D8FBC /* MessageUI.framework */ = {isa = PBXFileReference; fileEncoding = 4; lastKnownFileType = wrapper.framework; name = MessageUI.framework; path = System/Library/Frameworks/MessageUI.framework; sourceTree = SDKROOT; };
		D4A0D8751607E02300AEF8BB /* Default-568h@2x~iphone.png */ = {isa = PBXFileReference; lastKnownFileType = image.png; path = "Default-568h@2x~iphone.png"; sourceTree = "<group>"; };
		EB87FDF21871DA7A0020F90C /* merges */ = {isa = PBXFileReference; lastKnownFileType = folder; name = merges; path = ../../merges; sourceTree = "<group>"; };
		EB87FDF31871DA8E0020F90C /* www */ = {isa = PBXFileReference; lastKnownFileType = folder; name = www; path = ../../www; sourceTree = "<group>"; };
		EB87FDF41871DAF40020F90C /* config.xml */ = {isa = PBXFileReference; lastKnownFileType = text.xml; name = config.xml; path = ../../config.xml; sourceTree = "<group>"; };
		F240CE842970408987A21BAC /* libsqlite3.0.dylib */ = {isa = PBXFileReference; fileEncoding = 4; lastKnownFileType = "compiled.mach-o.dylib"; name = libsqlite3.0.dylib; path = usr/lib/libsqlite3.0.dylib; sourceTree = SDKROOT; };
		F840E1F0165FE0F500CFE078 /* config.xml */ = {isa = PBXFileReference; lastKnownFileType = text.xml; name = config.xml; path = MPR/config.xml; sourceTree = "<group>"; };
		E03040A4AC5645B7935F8F4F /* AppDelegate+FirebasePlugin.m */ = {isa = PBXFileReference; name = "AppDelegate+FirebasePlugin.m"; path = "cordova-plugin-firebase/AppDelegate+FirebasePlugin.m"; sourceTree = "<group>"; fileEncoding = 4; lastKnownFileType = sourcecode.c.objc; explicitFileType = undefined; includeInIndex = 0; };
		2782517EE5AF4717A18365CE /* FirebasePlugin.m */ = {isa = PBXFileReference; name = "FirebasePlugin.m"; path = "cordova-plugin-firebase/FirebasePlugin.m"; sourceTree = "<group>"; fileEncoding = 4; lastKnownFileType = sourcecode.c.objc; explicitFileType = undefined; includeInIndex = 0; };
		F19667E6D61C4DC38BD45BE5 /* AppDelegate+FirebasePlugin.h */ = {isa = PBXFileReference; name = "AppDelegate+FirebasePlugin.h"; path = "cordova-plugin-firebase/AppDelegate+FirebasePlugin.h"; sourceTree = "<group>"; fileEncoding = 4; lastKnownFileType = sourcecode.c.h; explicitFileType = undefined; includeInIndex = 0; };
		D57EBE412FCE4F609953088E /* FirebasePlugin.h */ = {isa = PBXFileReference; name = "FirebasePlugin.h"; path = "cordova-plugin-firebase/FirebasePlugin.h"; sourceTree = "<group>"; fileEncoding = 4; lastKnownFileType = sourcecode.c.h; explicitFileType = undefined; includeInIndex = 0; };
		7CD662BA640A40A794E1D8F8 /* Firebase.h */ = {isa = PBXFileReference; name = "Firebase.h"; path = "cordova-plugin-firebase/Firebase.h"; sourceTree = "<group>"; fileEncoding = 4; lastKnownFileType = sourcecode.c.h; explicitFileType = undefined; includeInIndex = 0; };
		52E44E3111744428BE5DA9FE /* GoogleService-Info.plist */ = {isa = PBXFileReference; name = "GoogleService-Info.plist"; path = "GoogleService-Info.plist"; sourceTree = "<group>"; fileEncoding = 4; lastKnownFileType = text.plist.xml; explicitFileType = undefined; includeInIndex = 0; };
		307F9EF714FF4530A7C5529B /* FirebaseAnalytics.framework */ = {isa = PBXFileReference; name = "FirebaseAnalytics.framework"; path = "MPR/Plugins/cordova-plugin-firebase/FirebaseAnalytics.framework"; sourceTree = "<group>"; fileEncoding = undefined; lastKnownFileType = wrapper.framework; explicitFileType = undefined; includeInIndex = 0; };
		1F7D5F45EDF04C2586048C27 /* FirebaseCore.framework */ = {isa = PBXFileReference; name = "FirebaseCore.framework"; path = "MPR/Plugins/cordova-plugin-firebase/FirebaseCore.framework"; sourceTree = "<group>"; fileEncoding = undefined; lastKnownFileType = wrapper.framework; explicitFileType = undefined; includeInIndex = 0; };
		586C6F01E6A0494A8DB4A33B /* FirebaseInstanceID.framework */ = {isa = PBXFileReference; name = "FirebaseInstanceID.framework"; path = "MPR/Plugins/cordova-plugin-firebase/FirebaseInstanceID.framework"; sourceTree = "<group>"; fileEncoding = undefined; lastKnownFileType = wrapper.framework; explicitFileType = undefined; includeInIndex = 0; };
		77F68BF77A1D4A89AAAFABDA /* GoogleInterchangeUtilities.framework */ = {isa = PBXFileReference; name = "GoogleInterchangeUtilities.framework"; path = "MPR/Plugins/cordova-plugin-firebase/GoogleInterchangeUtilities.framework"; sourceTree = "<group>"; fileEncoding = undefined; lastKnownFileType = wrapper.framework; explicitFileType = undefined; includeInIndex = 0; };
		DD2EDD7A118648F687B3D1CA /* GoogleSymbolUtilities.framework */ = {isa = PBXFileReference; name = "GoogleSymbolUtilities.framework"; path = "MPR/Plugins/cordova-plugin-firebase/GoogleSymbolUtilities.framework"; sourceTree = "<group>"; fileEncoding = undefined; lastKnownFileType = wrapper.framework; explicitFileType = undefined; includeInIndex = 0; };
		CBA8BCF52E76437EB792FB49 /* GoogleUtilities.framework */ = {isa = PBXFileReference; name = "GoogleUtilities.framework"; path = "MPR/Plugins/cordova-plugin-firebase/GoogleUtilities.framework"; sourceTree = "<group>"; fileEncoding = undefined; lastKnownFileType = wrapper.framework; explicitFileType = undefined; includeInIndex = 0; };
		F9E821183B2F4B3FAB4A2299 /* FirebaseMessaging.framework */ = {isa = PBXFileReference; name = "FirebaseMessaging.framework"; path = "MPR/Plugins/cordova-plugin-firebase/FirebaseMessaging.framework"; sourceTree = "<group>"; fileEncoding = undefined; lastKnownFileType = wrapper.framework; explicitFileType = undefined; includeInIndex = 0; };
		08373EF451434D1DA427F8E3 /* GoogleIPhoneUtilities.framework */ = {isa = PBXFileReference; name = "GoogleIPhoneUtilities.framework"; path = "MPR/Plugins/cordova-plugin-firebase/GoogleIPhoneUtilities.framework"; sourceTree = "<group>"; fileEncoding = undefined; lastKnownFileType = wrapper.framework; explicitFileType = undefined; includeInIndex = 0; };
		54229A45038C4B62B0B596D1 /* FirebaseCrash.framework */ = {isa = PBXFileReference; name = "FirebaseCrash.framework"; path = "MPR/Plugins/cordova-plugin-firebase/FirebaseCrash.framework"; sourceTree = "<group>"; fileEncoding = undefined; lastKnownFileType = wrapper.framework; explicitFileType = undefined; includeInIndex = 0; };
		2435093BE87C4DA4ACCB8F06 /* FirebaseRemoteConfig.framework */ = {isa = PBXFileReference; name = "FirebaseRemoteConfig.framework"; path = "MPR/Plugins/cordova-plugin-firebase/FirebaseRemoteConfig.framework"; sourceTree = "<group>"; fileEncoding = undefined; lastKnownFileType = wrapper.framework; explicitFileType = undefined; includeInIndex = 0; };
		F6623FF869FA4D6EAD61606E /* Screenshot.m */ = {isa = PBXFileReference; name = "Screenshot.m"; path = "com.darktalker.cordova.screenshot/Screenshot.m"; sourceTree = "<group>"; fileEncoding = 4; lastKnownFileType = sourcecode.c.objc; explicitFileType = undefined; includeInIndex = 0; };
		B0F149C678974FF0AA2375ED /* Screenshot.h */ = {isa = PBXFileReference; name = "Screenshot.h"; path = "com.darktalker.cordova.screenshot/Screenshot.h"; sourceTree = "<group>"; fileEncoding = 4; lastKnownFileType = sourcecode.c.h; explicitFileType = undefined; includeInIndex = 0; };
		683D6994A7164954ABB8C7DA /* IonicKeyboard.m */ = {isa = PBXFileReference; name = "IonicKeyboard.m"; path = "com.ionic.keyboard/IonicKeyboard.m"; sourceTree = "<group>"; fileEncoding = 4; lastKnownFileType = sourcecode.c.objc; explicitFileType = undefined; includeInIndex = 0; };
		CD24B58086794D029FFA4157 /* UIWebViewExtension.m */ = {isa = PBXFileReference; name = "UIWebViewExtension.m"; path = "com.ionic.keyboard/UIWebViewExtension.m"; sourceTree = "<group>"; fileEncoding = 4; lastKnownFileType = sourcecode.c.objc; explicitFileType = undefined; includeInIndex = 0; };
		F590BE4AC53B4BBFAF0460CD /* IonicKeyboard.h */ = {isa = PBXFileReference; name = "IonicKeyboard.h"; path = "com.ionic.keyboard/IonicKeyboard.h"; sourceTree = "<group>"; fileEncoding = 4; lastKnownFileType = sourcecode.c.h; explicitFileType = undefined; includeInIndex = 0; };
		6C5C91962F124B76A641835A /* UIWebViewExtension.h */ = {isa = PBXFileReference; name = "UIWebViewExtension.h"; path = "com.ionic.keyboard/UIWebViewExtension.h"; sourceTree = "<group>"; fileEncoding = 4; lastKnownFileType = sourcecode.c.h; explicitFileType = undefined; includeInIndex = 0; };
		8EA8B413C87647448DFECC31 /* UniversalAnalyticsPlugin.m */ = {isa = PBXFileReference; name = "UniversalAnalyticsPlugin.m"; path = "cordova-plugin-google-analytics/UniversalAnalyticsPlugin.m"; sourceTree = "<group>"; fileEncoding = 4; lastKnownFileType = sourcecode.c.objc; explicitFileType = undefined; includeInIndex = 0; };
		E552486E4CF944859910869C /* libGoogleAnalyticsServices.a */ = {isa = PBXFileReference; name = "libGoogleAnalyticsServices.a"; path = "MPR/Plugins/cordova-plugin-google-analytics/libGoogleAnalyticsServices.a"; sourceTree = "<group>"; fileEncoding = undefined; lastKnownFileType = archive.ar; explicitFileType = undefined; includeInIndex = 0; };
		8939E11550044A2B9BFB35A5 /* UniversalAnalyticsPlugin.h */ = {isa = PBXFileReference; name = "UniversalAnalyticsPlugin.h"; path = "cordova-plugin-google-analytics/UniversalAnalyticsPlugin.h"; sourceTree = "<group>"; fileEncoding = 4; lastKnownFileType = sourcecode.c.h; explicitFileType = undefined; includeInIndex = 0; };
		CFEB688AB9E34233A62F150E /* GAIDictionaryBuilder.h */ = {isa = PBXFileReference; name = "GAIDictionaryBuilder.h"; path = "cordova-plugin-google-analytics/GAIDictionaryBuilder.h"; sourceTree = "<group>"; fileEncoding = 4; lastKnownFileType = sourcecode.c.h; explicitFileType = undefined; includeInIndex = 0; };
		D7D8AB372E084CE08FFE0F88 /* GAIFields.h */ = {isa = PBXFileReference; name = "GAIFields.h"; path = "cordova-plugin-google-analytics/GAIFields.h"; sourceTree = "<group>"; fileEncoding = 4; lastKnownFileType = sourcecode.c.h; explicitFileType = undefined; includeInIndex = 0; };
		BF97CA0E9C40492CB1C4A0D5 /* GAILogger.h */ = {isa = PBXFileReference; name = "GAILogger.h"; path = "cordova-plugin-google-analytics/GAILogger.h"; sourceTree = "<group>"; fileEncoding = 4; lastKnownFileType = sourcecode.c.h; explicitFileType = undefined; includeInIndex = 0; };
		46C83D4F227746649E183791 /* GAITrackedViewController.h */ = {isa = PBXFileReference; name = "GAITrackedViewController.h"; path = "cordova-plugin-google-analytics/GAITrackedViewController.h"; sourceTree = "<group>"; fileEncoding = 4; lastKnownFileType = sourcecode.c.h; explicitFileType = undefined; includeInIndex = 0; };
		EBEFFEACAF9543B6A0D3815B /* GAI.h */ = {isa = PBXFileReference; name = "GAI.h"; path = "cordova-plugin-google-analytics/GAI.h"; sourceTree = "<group>"; fileEncoding = 4; lastKnownFileType = sourcecode.c.h; explicitFileType = undefined; includeInIndex = 0; };
		8FF8C7F99B774E9F8D3104BE /* GAITracker.h */ = {isa = PBXFileReference; name = "GAITracker.h"; path = "cordova-plugin-google-analytics/GAITracker.h"; sourceTree = "<group>"; fileEncoding = 4; lastKnownFileType = sourcecode.c.h; explicitFileType = undefined; includeInIndex = 0; };
		7DE143FF9B3C483FBEC550B2 /* GAIEcommerceFields.h */ = {isa = PBXFileReference; name = "GAIEcommerceFields.h"; path = "cordova-plugin-google-analytics/GAIEcommerceFields.h"; sourceTree = "<group>"; fileEncoding = 4; lastKnownFileType = sourcecode.c.h; explicitFileType = undefined; includeInIndex = 0; };
		E9D95F1900CC4B36895FED1E /* GAIEcommerceProduct.h */ = {isa = PBXFileReference; name = "GAIEcommerceProduct.h"; path = "cordova-plugin-google-analytics/GAIEcommerceProduct.h"; sourceTree = "<group>"; fileEncoding = 4; lastKnownFileType = sourcecode.c.h; explicitFileType = undefined; includeInIndex = 0; };
		31D68B29DDE3442FA86FD612 /* GAIEcommerceProductAction.h */ = {isa = PBXFileReference; name = "GAIEcommerceProductAction.h"; path = "cordova-plugin-google-analytics/GAIEcommerceProductAction.h"; sourceTree = "<group>"; fileEncoding = 4; lastKnownFileType = sourcecode.c.h; explicitFileType = undefined; includeInIndex = 0; };
		816F59E0AF144E5C9B931DCC /* GAIEcommercePromotion.h */ = {isa = PBXFileReference; name = "GAIEcommercePromotion.h"; path = "cordova-plugin-google-analytics/GAIEcommercePromotion.h"; sourceTree = "<group>"; fileEncoding = 4; lastKnownFileType = sourcecode.c.h; explicitFileType = undefined; includeInIndex = 0; };
		A0938DF8CF2646BA8FB05138 /* CDVInAppBrowser.m */ = {isa = PBXFileReference; name = "CDVInAppBrowser.m"; path = "cordova-plugin-inappbrowser/CDVInAppBrowser.m"; sourceTree = "<group>"; fileEncoding = 4; lastKnownFileType = sourcecode.c.objc; explicitFileType = undefined; includeInIndex = 0; };
		B07CE19453ED4EB0B11D99B1 /* CDVInAppBrowser.h */ = {isa = PBXFileReference; name = "CDVInAppBrowser.h"; path = "cordova-plugin-inappbrowser/CDVInAppBrowser.h"; sourceTree = "<group>"; fileEncoding = 4; lastKnownFileType = sourcecode.c.h; explicitFileType = undefined; includeInIndex = 0; };
		F4E54090AFA943E8BD561D47 /* NSString+URLEncoding.m */ = {isa = PBXFileReference; name = "NSString+URLEncoding.m"; path = "cordova-plugin-x-socialsharing/NSString+URLEncoding.m"; sourceTree = "<group>"; fileEncoding = 4; lastKnownFileType = sourcecode.c.objc; explicitFileType = undefined; includeInIndex = 0; };
		7F15DB7189C24148A6757671 /* SocialSharing.m */ = {isa = PBXFileReference; name = "SocialSharing.m"; path = "cordova-plugin-x-socialsharing/SocialSharing.m"; sourceTree = "<group>"; fileEncoding = 4; lastKnownFileType = sourcecode.c.objc; explicitFileType = undefined; includeInIndex = 0; };
		19B419892F1A46408691C641 /* NSString+URLEncoding.h */ = {isa = PBXFileReference; name = "NSString+URLEncoding.h"; path = "cordova-plugin-x-socialsharing/NSString+URLEncoding.h"; sourceTree = "<group>"; fileEncoding = 4; lastKnownFileType = sourcecode.c.h; explicitFileType = undefined; includeInIndex = 0; };
		7FB5F0FE6F32420296E88024 /* SocialSharing.h */ = {isa = PBXFileReference; name = "SocialSharing.h"; path = "cordova-plugin-x-socialsharing/SocialSharing.h"; sourceTree = "<group>"; fileEncoding = 4; lastKnownFileType = sourcecode.c.h; explicitFileType = undefined; includeInIndex = 0; };
		C939B276C56C4F66B8702DE4 /* CDVLogger.m */ = {isa = PBXFileReference; name = "CDVLogger.m"; path = "org.apache.cordova.console/CDVLogger.m"; sourceTree = "<group>"; fileEncoding = 4; lastKnownFileType = sourcecode.c.objc; explicitFileType = undefined; includeInIndex = 0; };
		7A1BFE1D2FBE4E1B8F3EE694 /* CDVLogger.h */ = {isa = PBXFileReference; name = "CDVLogger.h"; path = "org.apache.cordova.console/CDVLogger.h"; sourceTree = "<group>"; fileEncoding = 4; lastKnownFileType = sourcecode.c.h; explicitFileType = undefined; includeInIndex = 0; };
		86B0F51F5BFE46088C0284EF /* CDVDevice.m */ = {isa = PBXFileReference; name = "CDVDevice.m"; path = "org.apache.cordova.device/CDVDevice.m"; sourceTree = "<group>"; fileEncoding = 4; lastKnownFileType = sourcecode.c.objc; explicitFileType = undefined; includeInIndex = 0; };
		20842DFBA0A147DEB116DC88 /* CDVDevice.h */ = {isa = PBXFileReference; name = "CDVDevice.h"; path = "org.apache.cordova.device/CDVDevice.h"; sourceTree = "<group>"; fileEncoding = 4; lastKnownFileType = sourcecode.c.h; explicitFileType = undefined; includeInIndex = 0; };
		EC07A20E9793426ABD631B90 /* CDVConnection.m */ = {isa = PBXFileReference; name = "CDVConnection.m"; path = "org.apache.cordova.network-information/CDVConnection.m"; sourceTree = "<group>"; fileEncoding = 4; lastKnownFileType = sourcecode.c.objc; explicitFileType = undefined; includeInIndex = 0; };
		D53090FD25AE48F186903D7B /* CDVReachability.m */ = {isa = PBXFileReference; name = "CDVReachability.m"; path = "org.apache.cordova.network-information/CDVReachability.m"; sourceTree = "<group>"; fileEncoding = 4; lastKnownFileType = sourcecode.c.objc; explicitFileType = undefined; includeInIndex = 0; };
		12D7083528F04451A976636C /* CDVConnection.h */ = {isa = PBXFileReference; name = "CDVConnection.h"; path = "org.apache.cordova.network-information/CDVConnection.h"; sourceTree = "<group>"; fileEncoding = 4; lastKnownFileType = sourcecode.c.h; explicitFileType = undefined; includeInIndex = 0; };
		B981DC34862C44F0967E5748 /* CDVReachability.h */ = {isa = PBXFileReference; name = "CDVReachability.h"; path = "org.apache.cordova.network-information/CDVReachability.h"; sourceTree = "<group>"; fileEncoding = 4; lastKnownFileType = sourcecode.c.h; explicitFileType = undefined; includeInIndex = 0; };
		B18411FECF1544C7A9EF9C50 /* CDVSplashScreen.m */ = {isa = PBXFileReference; name = "CDVSplashScreen.m"; path = "org.apache.cordova.splashscreen/CDVSplashScreen.m"; sourceTree = "<group>"; fileEncoding = 4; lastKnownFileType = sourcecode.c.objc; explicitFileType = undefined; includeInIndex = 0; };
		28131CA2952D4C448717B1F5 /* CDVSplashScreen.h */ = {isa = PBXFileReference; name = "CDVSplashScreen.h"; path = "org.apache.cordova.splashscreen/CDVSplashScreen.h"; sourceTree = "<group>"; fileEncoding = 4; lastKnownFileType = sourcecode.c.h; explicitFileType = undefined; includeInIndex = 0; };
		B8528E7816C94253A635DBBF /* CDVLocation.m */ = {isa = PBXFileReference; name = "CDVLocation.m"; path = "cordova-plugin-geolocation/CDVLocation.m"; sourceTree = "<group>"; fileEncoding = 4; lastKnownFileType = sourcecode.c.objc; explicitFileType = undefined; includeInIndex = 0; };
		C39B4F9C959A44DFAF8CE6C0 /* CDVLocation.h */ = {isa = PBXFileReference; name = "CDVLocation.h"; path = "cordova-plugin-geolocation/CDVLocation.h"; sourceTree = "<group>"; fileEncoding = 4; lastKnownFileType = sourcecode.c.h; explicitFileType = undefined; includeInIndex = 0; };
		9E65D5BDE7364CAA9452C82A /* Pedometer.m */ = {isa = PBXFileReference; name = "Pedometer.m"; path = "cordova-plugin-pedometer/Pedometer.m"; sourceTree = "<group>"; fileEncoding = 4; lastKnownFileType = sourcecode.c.objc; explicitFileType = undefined; includeInIndex = 0; };
		B6BC4F5908AE42BA82F1BA59 /* Pedometer.h */ = {isa = PBXFileReference; name = "Pedometer.h"; path = "cordova-plugin-pedometer/Pedometer.h"; sourceTree = "<group>"; fileEncoding = 4; lastKnownFileType = sourcecode.c.h; explicitFileType = undefined; includeInIndex = 0; };
/* End PBXFileReference section */

/* Begin PBXFrameworksBuildPhase section */
		1D60588F0D05DD3D006BFB54 /* Frameworks */ = {
			isa = PBXFrameworksBuildPhase;
			buildActionMask = 2147483647;
			files = (
				5B1594DD16A7569C00FEF299 /* AssetsLibrary.framework in Frameworks */,
				301BF552109A68D80062928A /* libCordova.a in Frameworks */,
				288765FD0DF74451002DB57D /* CoreGraphics.framework in Frameworks */,
				305D5FD1115AB8F900A74A75 /* MobileCoreServices.framework in Frameworks */,
				9D18A46D8EF042C084BE34A1 /* CoreLocation.framework in Frameworks */,
				22331C1AC7DE49B5BC7D9510 /* SystemConfiguration.framework in Frameworks */,
				B3AD3983841C40D9A6FE4745 /* CoreData.framework in Frameworks */,
				835F93F09A4240DCBEA93534 /* libz.dylib in Frameworks */,
				933EC92154384495B0A3F763 /* libsqlite3.0.dylib in Frameworks */,
				A309A693D4F44532938A4180 /* CoreMotion.framework in Frameworks */,
				33D7C430188441079E785F1C /* Social.framework in Frameworks */,
				F43F99E152A042CD96CB83FA /* MessageUI.framework in Frameworks */,
				198FFA81B82A4FF2958F9410 /* FirebaseAnalytics.framework in Frameworks */,
				52902F36DBED48D2A6AAEBDB /* FirebaseCore.framework in Frameworks */,
				88340B6948E04C5E95325098 /* FirebaseInstanceID.framework in Frameworks */,
				C298D6FC74F640EEBA681226 /* GoogleInterchangeUtilities.framework in Frameworks */,
				671CECF5A8C54C9FA639F098 /* GoogleSymbolUtilities.framework in Frameworks */,
				C5B260E4EB694C07BBD2AB0E /* GoogleUtilities.framework in Frameworks */,
				DE12A4EBC7AB41428B40E4C7 /* FirebaseMessaging.framework in Frameworks */,
				B7B7DE023FD443BC925BF993 /* GoogleIPhoneUtilities.framework in Frameworks */,
				5C732F6896564FCA8466AC9C /* FirebaseCrash.framework in Frameworks */,
				679420A07CBD4416A6E17E02 /* FirebaseRemoteConfig.framework in Frameworks */,
				B1003741AC34432680E01E27 /* libGoogleAnalyticsServices.a in Frameworks */,
			);
			runOnlyForDeploymentPostprocessing = 0;
		};
/* End PBXFrameworksBuildPhase section */

/* Begin PBXGroup section */
		080E96DDFE201D6D7F000001 /* Classes */ = {
			isa = PBXGroup;
			children = (
				302D95EE14D2391D003F00A1 /* MainViewController.h */,
				302D95EF14D2391D003F00A1 /* MainViewController.m */,
				302D95F014D2391D003F00A1 /* MainViewController.xib */,
				1D3623240D0F684500981E51 /* AppDelegate.h */,
				1D3623250D0F684500981E51 /* AppDelegate.m */,
			);
			name = Classes;
			path = MPR/Classes;
			sourceTree = SOURCE_ROOT;
		};
		19C28FACFE9D520D11CA2CBB /* Products */ = {
			isa = PBXGroup;
			children = (
				1D6058910D05DD3D006BFB54 /* MPR.app */,
			);
			name = Products;
			sourceTree = "<group>";
		};
		29B97314FDCFA39411CA2CEA /* CustomTemplate */ = {
			isa = PBXGroup;
			children = (
				EB87FDF41871DAF40020F90C /* config.xml */,
				EB87FDF31871DA8E0020F90C /* www */,
				EB87FDF21871DA7A0020F90C /* merges */,
				EB87FDF11871DA420020F90C /* Staging */,
				301BF52D109A57CC0062928A /* CordovaLib.xcodeproj */,
				080E96DDFE201D6D7F000001 /* Classes */,
				307C750510C5A3420062BCA9 /* Plugins */,
				29B97315FDCFA39411CA2CEA /* Other Sources */,
				29B97317FDCFA39411CA2CEA /* Resources */,
				29B97323FDCFA39411CA2CEA /* Frameworks */,
				19C28FACFE9D520D11CA2CBB /* Products */,
			);
			name = CustomTemplate;
			sourceTree = "<group>";
		};
		29B97315FDCFA39411CA2CEA /* Other Sources */ = {
			isa = PBXGroup;
			children = (
				32CA4F630368D1EE00C91783 /* MPR-Prefix.pch */,
				29B97316FDCFA39411CA2CEA /* main.m */,
			);
			name = "Other Sources";
			path = MPR;
			sourceTree = "<group>";
		};
		29B97317FDCFA39411CA2CEA /* Resources */ = {
			isa = PBXGroup;
			children = (
				308D052D1370CCF300D202BF /* icons */,
				308D05311370CCF300D202BF /* splash */,
				8D1107310486CEB800E47090 /* MPR-Info.plist */,
				52E44E3111744428BE5DA9FE /* GoogleService-Info.plist */,
			);
			name = Resources;
			path = MPR/Resources;
			sourceTree = "<group>";
		};
		29B97323FDCFA39411CA2CEA /* Frameworks */ = {
			isa = PBXGroup;
			children = (
				5B1594DC16A7569C00FEF299 /* AssetsLibrary.framework */,
				288765FC0DF74451002DB57D /* CoreGraphics.framework */,
				305D5FD0115AB8F900A74A75 /* MobileCoreServices.framework */,
				A39F3FAD53304B818BAD76DA /* CoreLocation.framework */,
				C4E973C8FF464F6692E992A3 /* SystemConfiguration.framework */,
				176E88BC5AEC41FE96CB2C81 /* CoreData.framework */,
				61564C0C9EF34B34B9B7ED67 /* libz.dylib */,
				F240CE842970408987A21BAC /* libsqlite3.0.dylib */,
				9D863B717D8A42BDAC0BB064 /* CoreMotion.framework */,
				93FEF1564BE0410B9C3130F0 /* Social.framework */,
				C8BCACD0BFBD4DBB879D8FBC /* MessageUI.framework */,
				307F9EF714FF4530A7C5529B /* FirebaseAnalytics.framework */,
				1F7D5F45EDF04C2586048C27 /* FirebaseCore.framework */,
				586C6F01E6A0494A8DB4A33B /* FirebaseInstanceID.framework */,
				77F68BF77A1D4A89AAAFABDA /* GoogleInterchangeUtilities.framework */,
				DD2EDD7A118648F687B3D1CA /* GoogleSymbolUtilities.framework */,
				CBA8BCF52E76437EB792FB49 /* GoogleUtilities.framework */,
				F9E821183B2F4B3FAB4A2299 /* FirebaseMessaging.framework */,
				08373EF451434D1DA427F8E3 /* GoogleIPhoneUtilities.framework */,
				54229A45038C4B62B0B596D1 /* FirebaseCrash.framework */,
				2435093BE87C4DA4ACCB8F06 /* FirebaseRemoteConfig.framework */,
				E552486E4CF944859910869C /* libGoogleAnalyticsServices.a */,
			);
			name = Frameworks;
			sourceTree = "<group>";
		};
		301BF52E109A57CC0062928A /* Products */ = {
			isa = PBXGroup;
			children = (
				301BF535109A57CC0062928A /* libCordova.a */,
			);
			name = Products;
			sourceTree = "<group>";
		};
		307C750510C5A3420062BCA9 /* Plugins */ = {
			isa = PBXGroup;
			children = (
				E03040A4AC5645B7935F8F4F /* AppDelegate+FirebasePlugin.m */,
				2782517EE5AF4717A18365CE /* FirebasePlugin.m */,
				F19667E6D61C4DC38BD45BE5 /* AppDelegate+FirebasePlugin.h */,
				D57EBE412FCE4F609953088E /* FirebasePlugin.h */,
				7CD662BA640A40A794E1D8F8 /* Firebase.h */,
				F6623FF869FA4D6EAD61606E /* Screenshot.m */,
				B0F149C678974FF0AA2375ED /* Screenshot.h */,
				683D6994A7164954ABB8C7DA /* IonicKeyboard.m */,
				CD24B58086794D029FFA4157 /* UIWebViewExtension.m */,
				F590BE4AC53B4BBFAF0460CD /* IonicKeyboard.h */,
				6C5C91962F124B76A641835A /* UIWebViewExtension.h */,
				8EA8B413C87647448DFECC31 /* UniversalAnalyticsPlugin.m */,
				8939E11550044A2B9BFB35A5 /* UniversalAnalyticsPlugin.h */,
				CFEB688AB9E34233A62F150E /* GAIDictionaryBuilder.h */,
				D7D8AB372E084CE08FFE0F88 /* GAIFields.h */,
				BF97CA0E9C40492CB1C4A0D5 /* GAILogger.h */,
				46C83D4F227746649E183791 /* GAITrackedViewController.h */,
				EBEFFEACAF9543B6A0D3815B /* GAI.h */,
				8FF8C7F99B774E9F8D3104BE /* GAITracker.h */,
				7DE143FF9B3C483FBEC550B2 /* GAIEcommerceFields.h */,
				E9D95F1900CC4B36895FED1E /* GAIEcommerceProduct.h */,
				31D68B29DDE3442FA86FD612 /* GAIEcommerceProductAction.h */,
				816F59E0AF144E5C9B931DCC /* GAIEcommercePromotion.h */,
				A0938DF8CF2646BA8FB05138 /* CDVInAppBrowser.m */,
				B07CE19453ED4EB0B11D99B1 /* CDVInAppBrowser.h */,
				F4E54090AFA943E8BD561D47 /* NSString+URLEncoding.m */,
				7F15DB7189C24148A6757671 /* SocialSharing.m */,
				19B419892F1A46408691C641 /* NSString+URLEncoding.h */,
				7FB5F0FE6F32420296E88024 /* SocialSharing.h */,
				C939B276C56C4F66B8702DE4 /* CDVLogger.m */,
				7A1BFE1D2FBE4E1B8F3EE694 /* CDVLogger.h */,
				86B0F51F5BFE46088C0284EF /* CDVDevice.m */,
				20842DFBA0A147DEB116DC88 /* CDVDevice.h */,
				EC07A20E9793426ABD631B90 /* CDVConnection.m */,
				D53090FD25AE48F186903D7B /* CDVReachability.m */,
				12D7083528F04451A976636C /* CDVConnection.h */,
				B981DC34862C44F0967E5748 /* CDVReachability.h */,
				B18411FECF1544C7A9EF9C50 /* CDVSplashScreen.m */,
				28131CA2952D4C448717B1F5 /* CDVSplashScreen.h */,
				B8528E7816C94253A635DBBF /* CDVLocation.m */,
				C39B4F9C959A44DFAF8CE6C0 /* CDVLocation.h */,
				9E65D5BDE7364CAA9452C82A /* Pedometer.m */,
				B6BC4F5908AE42BA82F1BA59 /* Pedometer.h */,
			);
			name = Plugins;
			path = MPR/Plugins;
			sourceTree = SOURCE_ROOT;
		};
		308D052D1370CCF300D202BF /* icons */ = {
			isa = PBXGroup;
			children = (
				30C1856519D5FC0A00212699 /* icon-60@3x.png */,
				7E7966D41810823500FA85AD /* icon-40.png */,
				7E7966D51810823500FA85AD /* icon-40@2x.png */,
				7E7966D61810823500FA85AD /* icon-50.png */,
				7E7966D71810823500FA85AD /* icon-50@2x.png */,
				7E7966D81810823500FA85AD /* icon-60.png */,
				7E7966D91810823500FA85AD /* icon-60@2x.png */,
				7E7966DA1810823500FA85AD /* icon-76.png */,
				7E7966DB1810823500FA85AD /* icon-76@2x.png */,
				7E7966DC1810823500FA85AD /* icon-small.png */,
				7E7966DD1810823500FA85AD /* icon-small@2x.png */,
				30FC414816E50CA1004E6F35 /* icon-72@2x.png */,
				308D052E1370CCF300D202BF /* icon-72.png */,
				308D052F1370CCF300D202BF /* icon.png */,
				308D05301370CCF300D202BF /* icon@2x.png */,
			);
			path = icons;
			sourceTree = "<group>";
		};
		308D05311370CCF300D202BF /* splash */ = {
			isa = PBXGroup;
			children = (
				30B4F2FD19D5E07200D9F7D8 /* Default-667h.png */,
				30B4F2FE19D5E07200D9F7D8 /* Default-736h.png */,
				30B4F2FF19D5E07200D9F7D8 /* Default-Landscape-736h.png */,
				D4A0D8751607E02300AEF8BB /* Default-568h@2x~iphone.png */,
				3088BBB7154F3926009F9C59 /* Default-Landscape@2x~ipad.png */,
				3088BBB8154F3926009F9C59 /* Default-Landscape~ipad.png */,
				3088BBB9154F3926009F9C59 /* Default-Portrait@2x~ipad.png */,
				3088BBBA154F3926009F9C59 /* Default-Portrait~ipad.png */,
				3088BBBB154F3926009F9C59 /* Default@2x~iphone.png */,
				3088BBBC154F3926009F9C59 /* Default~iphone.png */,
			);
			path = splash;
			sourceTree = "<group>";
		};
		EB87FDF11871DA420020F90C /* Staging */ = {
			isa = PBXGroup;
			children = (
				F840E1F0165FE0F500CFE078 /* config.xml */,
				301BF56E109A69640062928A /* www */,
			);
			name = Staging;
			sourceTree = "<group>";
		};
/* End PBXGroup section */

/* Begin PBXNativeTarget section */
		1D6058900D05DD3D006BFB54 /* MPR */ = {
			isa = PBXNativeTarget;
			buildConfigurationList = 1D6058960D05DD3E006BFB54 /* Build configuration list for PBXNativeTarget "MPR" */;
			buildPhases = (
				304B58A110DAC018002A0835 /* Copy www directory */,
				1D60588D0D05DD3D006BFB54 /* Resources */,
				1D60588E0D05DD3D006BFB54 /* Sources */,
				1D60588F0D05DD3D006BFB54 /* Frameworks */,
			);
			buildRules = (
			);
			dependencies = (
				301BF551109A68C00062928A /* PBXTargetDependency */,
			);
			name = MPR;
			productName = MPR;
			productReference = 1D6058910D05DD3D006BFB54 /* MPR.app */;
			productType = "com.apple.product-type.application";
		};
/* End PBXNativeTarget section */

/* Begin PBXProject section */
		29B97313FDCFA39411CA2CEA /* Project object */ = {
			isa = PBXProject;
			attributes = {
				LastUpgradeCheck = 730;
				TargetAttributes = {
					1D6058900D05DD3D006BFB54 = {
						DevelopmentTeam = SLC3VZ7589;
					};
				};
			};
			buildConfigurationList = C01FCF4E08A954540054247B /* Build configuration list for PBXProject "MPR" */;
			compatibilityVersion = "Xcode 3.2";
			developmentRegion = English;
			hasScannedForEncodings = 1;
			knownRegions = (
				English,
				Japanese,
				French,
				German,
				en,
				es,
				de,
				se,
			);
			mainGroup = 29B97314FDCFA39411CA2CEA /* CustomTemplate */;
			projectDirPath = "";
			projectReferences = (
				{
					ProductGroup = 301BF52E109A57CC0062928A /* Products */;
					ProjectRef = 301BF52D109A57CC0062928A /* CordovaLib.xcodeproj */;
				},
			);
			projectRoot = "";
			targets = (
				1D6058900D05DD3D006BFB54 /* MPR */,
			);
		};
/* End PBXProject section */

/* Begin PBXReferenceProxy section */
		301BF535109A57CC0062928A /* libCordova.a */ = {
			isa = PBXReferenceProxy;
			fileType = archive.ar;
			path = libCordova.a;
			remoteRef = 301BF534109A57CC0062928A /* PBXContainerItemProxy */;
			sourceTree = BUILT_PRODUCTS_DIR;
		};
/* End PBXReferenceProxy section */

/* Begin PBXResourcesBuildPhase section */
		1D60588D0D05DD3D006BFB54 /* Resources */ = {
			isa = PBXResourcesBuildPhase;
			buildActionMask = 2147483647;
			files = (
				7E7966E41810823500FA85AD /* icon-76.png in Resources */,
				7E7966DF1810823500FA85AD /* icon-40@2x.png in Resources */,
				308D05371370CCF300D202BF /* icon-72.png in Resources */,
				30B4F30119D5E07200D9F7D8 /* Default-736h.png in Resources */,
				308D05381370CCF300D202BF /* icon.png in Resources */,
				308D05391370CCF300D202BF /* icon@2x.png in Resources */,
				302D95F214D2391D003F00A1 /* MainViewController.xib in Resources */,
				7E7966E01810823500FA85AD /* icon-50.png in Resources */,
				7E7966E31810823500FA85AD /* icon-60@2x.png in Resources */,
				7E7966E61810823500FA85AD /* icon-small.png in Resources */,
				3088BBBD154F3926009F9C59 /* Default-Landscape@2x~ipad.png in Resources */,
				3088BBBE154F3926009F9C59 /* Default-Landscape~ipad.png in Resources */,
				3088BBBF154F3926009F9C59 /* Default-Portrait@2x~ipad.png in Resources */,
				7E7966E71810823500FA85AD /* icon-small@2x.png in Resources */,
				3088BBC0154F3926009F9C59 /* Default-Portrait~ipad.png in Resources */,
				30B4F30019D5E07200D9F7D8 /* Default-667h.png in Resources */,
				7E7966DE1810823500FA85AD /* icon-40.png in Resources */,
				3088BBC1154F3926009F9C59 /* Default@2x~iphone.png in Resources */,
				7E7966E21810823500FA85AD /* icon-60.png in Resources */,
				3088BBC2154F3926009F9C59 /* Default~iphone.png in Resources */,
				D4A0D8761607E02300AEF8BB /* Default-568h@2x~iphone.png in Resources */,
				30B4F30219D5E07200D9F7D8 /* Default-Landscape-736h.png in Resources */,
				30C1856619D5FC0A00212699 /* icon-60@3x.png in Resources */,
				7E7966E11810823500FA85AD /* icon-50@2x.png in Resources */,
				7E7966E51810823500FA85AD /* icon-76@2x.png in Resources */,
				30FC414916E50CA1004E6F35 /* icon-72@2x.png in Resources */,
				0904F3C534AD4B7E89049FB0 /* GoogleService-Info.plist in Resources */,
			);
			runOnlyForDeploymentPostprocessing = 0;
		};
/* End PBXResourcesBuildPhase section */

/* Begin PBXShellScriptBuildPhase section */
		304B58A110DAC018002A0835 /* Copy www directory */ = {
			isa = PBXShellScriptBuildPhase;
			buildActionMask = 2147483647;
			files = (
			);
			inputPaths = (
			);
			name = "Copy www directory";
			outputPaths = (
			);
			runOnlyForDeploymentPostprocessing = 0;
			shellPath = /bin/sh;
			shellScript = "cordova/lib/copy-www-build-step.sh";
			showEnvVarsInLog = 0;
		};
/* End PBXShellScriptBuildPhase section */

/* Begin PBXSourcesBuildPhase section */
		1D60588E0D05DD3D006BFB54 /* Sources */ = {
			isa = PBXSourcesBuildPhase;
			buildActionMask = 2147483647;
			files = (
				1D60589B0D05DD56006BFB54 /* main.m in Sources */,
				1D3623260D0F684500981E51 /* AppDelegate.m in Sources */,
				302D95F114D2391D003F00A1 /* MainViewController.m in Sources */,
				808B21F09A0C4789BFACF54A /* AppDelegate+FirebasePlugin.m in Sources */,
				0D8AF3503D224A4DA65DBB61 /* FirebasePlugin.m in Sources */,
				71BA31FD57814968A1B1E480 /* Screenshot.m in Sources */,
				356B06F32BE149D49CBD97A7 /* IonicKeyboard.m in Sources */,
				C19BB373B5DD4EEC87A9BDB2 /* UIWebViewExtension.m in Sources */,
				5A987EF134A641E3BC520D1A /* UniversalAnalyticsPlugin.m in Sources */,
				6F6B339AFF83440AB9B73EFB /* CDVInAppBrowser.m in Sources */,
				54BA4CD6D61B409A8F95FF82 /* NSString+URLEncoding.m in Sources */,
				5BFBF09117AC431CB73AABD2 /* SocialSharing.m in Sources */,
				4552DD03A75F4EB49D2E2CBF /* CDVLogger.m in Sources */,
				B132AF412DCD4D68A1ADB0F8 /* CDVDevice.m in Sources */,
				8F502EC3684841B1B8E7E61B /* CDVConnection.m in Sources */,
				4A9E5D17602244F4B53A4A9F /* CDVReachability.m in Sources */,
				42C8A5E081674481BE26FC02 /* CDVSplashScreen.m in Sources */,
				29350A547257475586A85220 /* CDVLocation.m in Sources */,
				B54091F7BEE64D51883ECAEF /* Pedometer.m in Sources */,
			);
			runOnlyForDeploymentPostprocessing = 0;
		};
/* End PBXSourcesBuildPhase section */

/* Begin PBXTargetDependency section */
		301BF551109A68C00062928A /* PBXTargetDependency */ = {
			isa = PBXTargetDependency;
			name = CordovaLib;
			targetProxy = 301BF550109A68C00062928A /* PBXContainerItemProxy */;
		};
/* End PBXTargetDependency section */

/* Begin XCBuildConfiguration section */
		1D6058940D05DD3E006BFB54 /* Debug */ = {
			isa = XCBuildConfiguration;
			buildSettings = {
				ALWAYS_SEARCH_USER_PATHS = NO;
				CLANG_ENABLE_OBJC_ARC = YES;
				CODE_SIGN_IDENTITY = "iPhone Developer";
				COPY_PHASE_STRIP = NO;
				ENABLE_BITCODE = NO;
				GCC_DYNAMIC_NO_PIC = NO;
				GCC_OPTIMIZATION_LEVEL = 0;
				GCC_PRECOMPILE_PREFIX_HEADER = YES;
				GCC_PREFIX_HEADER = "MPR/MPR-Prefix.pch";
				GCC_THUMB_SUPPORT = NO;
				GCC_VERSION = "";
				HEADER_SEARCH_PATHS = (
					"\"$(TARGET_BUILD_DIR)/usr/local/lib/include\"",
					"\"$(OBJROOT)/UninstalledProducts/include\"",
					"\"$(BUILT_PRODUCTS_DIR)\"",
					"$(OBJROOT)/UninstalledProducts/$(PLATFORM_NAME)/include",
				);
				INFOPLIST_FILE = "MPR/MPR-Info.plist";
				IPHONEOS_DEPLOYMENT_TARGET = 6.0;
				LIBRARY_SEARCH_PATHS = (
					"$(inherited)",
					"\"$(SRCROOT)/MPR/Plugins/cordova-plugin-google-analytics\"",
				);
				OTHER_LDFLAGS = (
					"-weak_framework",
					CoreFoundation,
					"-weak_framework",
					UIKit,
					"-weak_framework",
					AVFoundation,
					"-weak_framework",
					CoreMedia,
					"-weak-lSystem",
					"-ObjC",
				);
				PRODUCT_BUNDLE_IDENTIFIER = br.com.mobint.mpr;
				PRODUCT_NAME = MPR;
				TARGETED_DEVICE_FAMILY = "1,2";
				FRAMEWORK_SEARCH_PATHS = (
					"$(inherited)",
					"\"MPR/Plugins/cordova-plugin-firebase\"",
					"\"MPR/Plugins/cordova-plugin-firebase\"",
					"\"MPR/Plugins/cordova-plugin-firebase\"",
					"\"MPR/Plugins/cordova-plugin-firebase\"",
					"\"MPR/Plugins/cordova-plugin-firebase\"",
					"\"MPR/Plugins/cordova-plugin-firebase\"",
					"\"MPR/Plugins/cordova-plugin-firebase\"",
					"\"MPR/Plugins/cordova-plugin-firebase\"",
					"\"MPR/Plugins/cordova-plugin-firebase\"",
					"\"MPR/Plugins/cordova-plugin-firebase\"",
				);
			};
			name = Debug;
		};
		1D6058950D05DD3E006BFB54 /* Release */ = {
			isa = XCBuildConfiguration;
			buildSettings = {
				ALWAYS_SEARCH_USER_PATHS = NO;
				CLANG_ENABLE_OBJC_ARC = YES;
				CODE_SIGN_IDENTITY = "iPhone Developer";
				COPY_PHASE_STRIP = YES;
				ENABLE_BITCODE = NO;
				GCC_PRECOMPILE_PREFIX_HEADER = YES;
				GCC_PREFIX_HEADER = "MPR/MPR-Prefix.pch";
				GCC_THUMB_SUPPORT = NO;
				GCC_VERSION = "";
				HEADER_SEARCH_PATHS = (
					"\"$(TARGET_BUILD_DIR)/usr/local/lib/include\"",
					"\"$(OBJROOT)/UninstalledProducts/include\"",
					"\"$(BUILT_PRODUCTS_DIR)\"",
					"$(OBJROOT)/UninstalledProducts/$(PLATFORM_NAME)/include",
				);
				INFOPLIST_FILE = "MPR/MPR-Info.plist";
				IPHONEOS_DEPLOYMENT_TARGET = 6.0;
				LIBRARY_SEARCH_PATHS = (
					"$(inherited)",
					"\"$(SRCROOT)/MPR/Plugins/cordova-plugin-google-analytics\"",
				);
				OTHER_LDFLAGS = (
					"-weak_framework",
					CoreFoundation,
					"-weak_framework",
					UIKit,
					"-weak_framework",
					AVFoundation,
					"-weak_framework",
					CoreMedia,
					"-weak-lSystem",
					"-ObjC",
				);
				PRODUCT_BUNDLE_IDENTIFIER = br.com.mobint.mpr;
				PRODUCT_NAME = MPR;
				TARGETED_DEVICE_FAMILY = "1,2";
				FRAMEWORK_SEARCH_PATHS = (
					"$(inherited)",
					"\"MPR/Plugins/cordova-plugin-firebase\"",
					"\"MPR/Plugins/cordova-plugin-firebase\"",
					"\"MPR/Plugins/cordova-plugin-firebase\"",
					"\"MPR/Plugins/cordova-plugin-firebase\"",
					"\"MPR/Plugins/cordova-plugin-firebase\"",
					"\"MPR/Plugins/cordova-plugin-firebase\"",
					"\"MPR/Plugins/cordova-plugin-firebase\"",
					"\"MPR/Plugins/cordova-plugin-firebase\"",
					"\"MPR/Plugins/cordova-plugin-firebase\"",
					"\"MPR/Plugins/cordova-plugin-firebase\"",
				);
			};
			name = Release;
		};
		C01FCF4F08A954540054247B /* Debug */ = {
			isa = XCBuildConfiguration;
			buildSettings = {
				CLANG_ENABLE_OBJC_ARC = YES;
				CLANG_WARN_BOOL_CONVERSION = YES;
				CLANG_WARN_CONSTANT_CONVERSION = YES;
				CLANG_WARN_EMPTY_BODY = YES;
				CLANG_WARN_ENUM_CONVERSION = YES;
				CLANG_WARN_INT_CONVERSION = YES;
				CLANG_WARN__DUPLICATE_METHOD_MATCH = YES;
				"CODE_SIGN_IDENTITY[sdk=iphoneos*]" = "iPhone Developer";
				ENABLE_TESTABILITY = YES;
				GCC_C_LANGUAGE_STANDARD = c99;
				GCC_THUMB_SUPPORT = NO;
				GCC_VERSION = "";
				GCC_WARN_ABOUT_RETURN_TYPE = YES;
				GCC_WARN_UNDECLARED_SELECTOR = YES;
				GCC_WARN_UNINITIALIZED_AUTOS = YES;
				GCC_WARN_UNUSED_FUNCTION = YES;
				GCC_WARN_UNUSED_VARIABLE = YES;
				HEADER_SEARCH_PATHS = (
					"\"$(TARGET_BUILD_DIR)/usr/local/lib/include\"",
					"\"$(OBJROOT)/UninstalledProducts/include\"",
					"\"$(BUILT_PRODUCTS_DIR)\"",
				);
				IPHONEOS_DEPLOYMENT_TARGET = 6.0;
				ONLY_ACTIVE_ARCH = YES;
				OTHER_LDFLAGS = (
					"-weak_framework",
					CoreFoundation,
					"-weak_framework",
					UIKit,
					"-weak_framework",
					AVFoundation,
					"-weak_framework",
					CoreMedia,
					"-weak-lSystem",
					"-ObjC",
				);
				SDKROOT = iphoneos;
				SKIP_INSTALL = NO;
				USER_HEADER_SEARCH_PATHS = "";
			};
			name = Debug;
		};
		C01FCF5008A954540054247B /* Release */ = {
			isa = XCBuildConfiguration;
			buildSettings = {
				CLANG_ENABLE_OBJC_ARC = YES;
				CLANG_WARN_BOOL_CONVERSION = YES;
				CLANG_WARN_CONSTANT_CONVERSION = YES;
				CLANG_WARN_EMPTY_BODY = YES;
				CLANG_WARN_ENUM_CONVERSION = YES;
				CLANG_WARN_INT_CONVERSION = YES;
				CLANG_WARN__DUPLICATE_METHOD_MATCH = YES;
				"CODE_SIGN_IDENTITY[sdk=iphoneos*]" = "iPhone Developer";
				GCC_C_LANGUAGE_STANDARD = c99;
				GCC_THUMB_SUPPORT = NO;
				GCC_VERSION = "";
				GCC_WARN_ABOUT_RETURN_TYPE = YES;
				GCC_WARN_UNDECLARED_SELECTOR = YES;
				GCC_WARN_UNINITIALIZED_AUTOS = YES;
				GCC_WARN_UNUSED_FUNCTION = YES;
				GCC_WARN_UNUSED_VARIABLE = YES;
				HEADER_SEARCH_PATHS = (
					"\"$(TARGET_BUILD_DIR)/usr/local/lib/include\"",
					"\"$(OBJROOT)/UninstalledProducts/include\"",
					"\"$(BUILT_PRODUCTS_DIR)\"",
				);
				IPHONEOS_DEPLOYMENT_TARGET = 6.0;
				OTHER_LDFLAGS = (
					"-weak_framework",
					CoreFoundation,
					"-weak_framework",
					UIKit,
					"-weak_framework",
					AVFoundation,
					"-weak_framework",
					CoreMedia,
					"-weak-lSystem",
					"-ObjC",
				);
				SDKROOT = iphoneos;
				SKIP_INSTALL = NO;
				USER_HEADER_SEARCH_PATHS = "";
			};
			name = Release;
		};
/* End XCBuildConfiguration section */

/* Begin XCConfigurationList section */
		1D6058960D05DD3E006BFB54 /* Build configuration list for PBXNativeTarget "MPR" */ = {
			isa = XCConfigurationList;
			buildConfigurations = (
				1D6058940D05DD3E006BFB54 /* Debug */,
				1D6058950D05DD3E006BFB54 /* Release */,
			);
			defaultConfigurationIsVisible = 0;
			defaultConfigurationName = Release;
		};
		C01FCF4E08A954540054247B /* Build configuration list for PBXProject "MPR" */ = {
			isa = XCConfigurationList;
			buildConfigurations = (
				C01FCF4F08A954540054247B /* Debug */,
				C01FCF5008A954540054247B /* Release */,
			);
			defaultConfigurationIsVisible = 0;
			defaultConfigurationName = Release;
		};
/* End XCConfigurationList section */
	};
	rootObject = 29B97313FDCFA39411CA2CEA /* Project object */;
}
